
Microsoft Visual Studio Solution File, Format Version 12.00
# Visual Studio Version 17
VisualStudioVersion = 17.3.32804.467
MinimumVisualStudioVersion = 10.0.40219.1
Project("{FAE04EC0-301F-11D3-BF4B-00C04F79EFBC}") = "Medical_Laboratories_System", "Medical_Laboratories_System\Medical_Laboratories_System.csproj", "{E9AF9418-BDC1-4FD1-BD52-B3293E0C8A89}"
EndProject
Global
	GlobalSection(SolutionConfigurationPlatforms) = preSolution
		Debug|Any CPU = Debug|Any CPU
		Release|Any CPU = Release|Any CPU
	EndGlobalSection
	GlobalSection(ProjectConfigurationPlatforms) = postSolution
		{E9AF9418-BDC1-4FD1-BD52-B3293E0C8A89}.Debug|Any CPU.ActiveCfg = Debug|Any CPU
		{E9AF9418-BDC1-4FD1-BD52-B3293E0C8A89}.Debug|Any CPU.Build.0 = Debug|Any CPU
		{E9AF9418-BDC1-4FD1-BD52-B3293E0C8A89}.Release|Any CPU.ActiveCfg = Release|Any CPU
		{E9AF9418-BDC1-4FD1-BD52-B3293E0C8A89}.Release|Any CPU.Build.0 = Release|Any CPU
	EndGlobalSection
	GlobalSection(SolutionProperties) = preSolution
		HideSolutionNode = FALSE
	EndGlobalSection
	GlobalSection(ExtensibilityGlobals) = postSolution
		SolutionGuid = {614E849D-2424-42C6-8069-F9A648AB4E39}
	EndGlobalSection
EndGlobal
